
Microsoft Visual Studio Solution File, Format Version 12.00
# Visual Studio Version 16
VisualStudioVersion = 16.0.31321.278
MinimumVisualStudioVersion = 10.0.40219.1
Project("{FAE04EC0-301F-11D3-BF4B-00C04F79EFBC}") = "OxygenNotIncluded.PerPlanetoidMaterials", "OxygenNotIncluded.PerPlanetoidMaterials\OxygenNotIncluded.PerPlanetoidMaterials.csproj", "{45EAE78A-36C5-43CF-9D8F-41B313A813AF}"
EndProject
Global
	GlobalSection(SolutionConfigurationPlatforms) = preSolution
		Debug|Any CPU = Debug|Any CPU
		Release|Any CPU = Release|Any CPU
	EndGlobalSection
	GlobalSection(ProjectConfigurationPlatforms) = postSolution
		{45EAE78A-36C5-43CF-9D8F-41B313A813AF}.Debug|Any CPU.ActiveCfg = Debug|Any CPU
		{45EAE78A-36C5-43CF-9D8F-41B313A813AF}.Debug|Any CPU.Build.0 = Debug|Any CPU
		{45EAE78A-36C5-43CF-9D8F-41B313A813AF}.Release|Any CPU.ActiveCfg = Release|Any CPU
		{45EAE78A-36C5-43CF-9D8F-41B313A813AF}.Release|Any CPU.Build.0 = Release|Any CPU
	EndGlobalSection
	GlobalSection(SolutionProperties) = preSolution
		HideSolutionNode = FALSE
	EndGlobalSection
	GlobalSection(ExtensibilityGlobals) = postSolution
		SolutionGuid = {7ADEFAE3-3AC1-46EC-B18A-EEB92B9D41C6}
	EndGlobalSection
EndGlobal
